
Microsoft Visual Studio Solution File, Format Version 12.00
# Visual Studio 15
VisualStudioVersion = 15.0.28010.2046
MinimumVisualStudioVersion = 10.0.40219.1
Project("{FAE04EC0-301F-11D3-BF4B-00C04F79EFBC}") = "Assaiment_WuF", "Assaiment_WuF\Assaiment_WuF.csproj", "{0A4E1999-D360-46EA-842F-12ABE3B61117}"
EndProject
Global
	GlobalSection(SolutionConfigurationPlatforms) = preSolution
		Debug|ARM = Debug|ARM
		Debug|x64 = Debug|x64
		Debug|x86 = Debug|x86
		Release|ARM = Release|ARM
		Release|x64 = Release|x64
		Release|x86 = Release|x86
	EndGlobalSection
	GlobalSection(ProjectConfigurationPlatforms) = postSolution
		{0A4E1999-D360-46EA-842F-12ABE3B61117}.Debug|ARM.ActiveCfg = Debug|ARM
		{0A4E1999-D360-46EA-842F-12ABE3B61117}.Debug|ARM.Build.0 = Debug|ARM
		{0A4E1999-D360-46EA-842F-12ABE3B61117}.Debug|ARM.Deploy.0 = Debug|ARM
		{0A4E1999-D360-46EA-842F-12ABE3B61117}.Debug|x64.ActiveCfg = Debug|x64
		{0A4E1999-D360-46EA-842F-12ABE3B61117}.Debug|x64.Build.0 = Debug|x64
		{0A4E1999-D360-46EA-842F-12ABE3B61117}.Debug|x64.Deploy.0 = Debug|x64
		{0A4E1999-D360-46EA-842F-12ABE3B61117}.Debug|x86.ActiveCfg = Debug|x86
		{0A4E1999-D360-46EA-842F-12ABE3B61117}.Debug|x86.Build.0 = Debug|x86
		{0A4E1999-D360-46EA-842F-12ABE3B61117}.Debug|x86.Deploy.0 = Debug|x86
		{0A4E1999-D360-46EA-842F-12ABE3B61117}.Release|ARM.ActiveCfg = Release|ARM
		{0A4E1999-D360-46EA-842F-12ABE3B61117}.Release|ARM.Build.0 = Release|ARM
		{0A4E1999-D360-46EA-842F-12ABE3B61117}.Release|ARM.Deploy.0 = Release|ARM
		{0A4E1999-D360-46EA-842F-12ABE3B61117}.Release|x64.ActiveCfg = Release|x64
		{0A4E1999-D360-46EA-842F-12ABE3B61117}.Release|x64.Build.0 = Release|x64
		{0A4E1999-D360-46EA-842F-12ABE3B61117}.Release|x64.Deploy.0 = Release|x64
		{0A4E1999-D360-46EA-842F-12ABE3B61117}.Release|x86.ActiveCfg = Release|x86
		{0A4E1999-D360-46EA-842F-12ABE3B61117}.Release|x86.Build.0 = Release|x86
		{0A4E1999-D360-46EA-842F-12ABE3B61117}.Release|x86.Deploy.0 = Release|x86
	EndGlobalSection
	GlobalSection(SolutionProperties) = preSolution
		HideSolutionNode = FALSE
	EndGlobalSection
	GlobalSection(ExtensibilityGlobals) = postSolution
		SolutionGuid = {2E3ACE06-8704-4D13-8B31-D005E7421038}
	EndGlobalSection
EndGlobal
